PODS:
  - CDMSegmentedControl (0.1.0)

DEPENDENCIES:
  - CDMSegmentedControl (from `~/Documents/MyFirstCocoaPod/CDMSegmentedControl`)

EXTERNAL SOURCES:
  CDMSegmentedControl:
    :path: ~/Documents/MyFirstCocoaPod/CDMSegmentedControl

SPEC CHECKSUMS:
  CDMSegmentedControl: d9ada65debf1a99eb63eb197a2e237d3e6e8b7fd

PODFILE CHECKSUM: 4efb98ca0de41d967c46171f76479610bf0a9402

COCOAPODS: 1.0.0.beta.6
